
Microsoft Visual Studio Solution File, Format Version 12.00
Project("{2150E333-8FDC-42A3-9474-1A3956D46DE8}") = "Solution Items", "Solution Items", "{20EDF9B8-350F-4E6D-90B4-4F895DF5D3AB}"
	ProjectSection(SolutionItems) = preProject
		compose.yaml = compose.yaml
	EndProjectSection
EndProject
Project("{2150E333-8FDC-42A3-9474-1A3956D46DE8}") = "src", "src", "{41C15F24-047B-406E-B7C4-FDE253040FB6}"
EndProject
Project("{FAE04EC0-301F-11D3-BF4B-00C04F79EFBC}") = "VerbundPflegehilfe.API", "src\VerbundPflegehilfe.API\VerbundPflegehilfe.API.csproj", "{BF59BB27-8C62-4077-9F55-662C41BCAE3D}"
EndProject
Project("{FAE04EC0-301F-11D3-BF4B-00C04F79EFBC}") = "VerbundPflegehilfe.Application", "src\VerbundPflegehilfe.Application\VerbundPflegehilfe.Application.csproj", "{A303BA11-D18A-4640-9032-4E5B4A86B629}"
EndProject
Project("{FAE04EC0-301F-11D3-BF4B-00C04F79EFBC}") = "VerbundPflegehilfe.Infrastructure", "src\VerbundPflegehilfe.Infrastructure\VerbundPflegehilfe.Infrastructure.csproj", "{36427E7E-D7A0-441A-A035-488A4E1A6FA8}"
EndProject
Project("{FAE04EC0-301F-11D3-BF4B-00C04F79EFBC}") = "VerbundPflegehilfe.Domain", "src\VerbundPflegehilfe.Domain\VerbundPflegehilfe.Domain.csproj", "{CC270859-66D3-4E2A-A3EA-0462C8EB5DEE}"
EndProject
Project("{2150E333-8FDC-42A3-9474-1A3956D46DE8}") = "tests", "tests", "{CD542596-15BF-4BC6-B217-093B202389CF}"
EndProject
Project("{FAE04EC0-301F-11D3-BF4B-00C04F79EFBC}") = "VerbundPflegehilfe.UnitTests", "tests\VerbundPflegehilfe.UnitTests\VerbundPflegehilfe.UnitTests.csproj", "{6DA4B9ED-9462-4CC4-B515-93C91DA4591B}"
EndProject
Project("{FAE04EC0-301F-11D3-BF4B-00C04F79EFBC}") = "VerbundPflegehilfe.IntegrationTests", "tests\VerbundPflegehilfe.IntegrationTests\VerbundPflegehilfe.IntegrationTests.csproj", "{5F092AE5-9A37-4B0B-9658-4403E03027FA}"
EndProject
Global
	GlobalSection(SolutionConfigurationPlatforms) = preSolution
		Debug|Any CPU = Debug|Any CPU
		Release|Any CPU = Release|Any CPU
	EndGlobalSection
	GlobalSection(ProjectConfigurationPlatforms) = postSolution
		{BF59BB27-8C62-4077-9F55-662C41BCAE3D}.Debug|Any CPU.ActiveCfg = Debug|Any CPU
		{BF59BB27-8C62-4077-9F55-662C41BCAE3D}.Debug|Any CPU.Build.0 = Debug|Any CPU
		{BF59BB27-8C62-4077-9F55-662C41BCAE3D}.Release|Any CPU.ActiveCfg = Release|Any CPU
		{BF59BB27-8C62-4077-9F55-662C41BCAE3D}.Release|Any CPU.Build.0 = Release|Any CPU
		{A303BA11-D18A-4640-9032-4E5B4A86B629}.Debug|Any CPU.ActiveCfg = Debug|Any CPU
		{A303BA11-D18A-4640-9032-4E5B4A86B629}.Debug|Any CPU.Build.0 = Debug|Any CPU
		{A303BA11-D18A-4640-9032-4E5B4A86B629}.Release|Any CPU.ActiveCfg = Release|Any CPU
		{A303BA11-D18A-4640-9032-4E5B4A86B629}.Release|Any CPU.Build.0 = Release|Any CPU
		{36427E7E-D7A0-441A-A035-488A4E1A6FA8}.Debug|Any CPU.ActiveCfg = Debug|Any CPU
		{36427E7E-D7A0-441A-A035-488A4E1A6FA8}.Debug|Any CPU.Build.0 = Debug|Any CPU
		{36427E7E-D7A0-441A-A035-488A4E1A6FA8}.Release|Any CPU.ActiveCfg = Release|Any CPU
		{36427E7E-D7A0-441A-A035-488A4E1A6FA8}.Release|Any CPU.Build.0 = Release|Any CPU
		{CC270859-66D3-4E2A-A3EA-0462C8EB5DEE}.Debug|Any CPU.ActiveCfg = Debug|Any CPU
		{CC270859-66D3-4E2A-A3EA-0462C8EB5DEE}.Debug|Any CPU.Build.0 = Debug|Any CPU
		{CC270859-66D3-4E2A-A3EA-0462C8EB5DEE}.Release|Any CPU.ActiveCfg = Release|Any CPU
		{CC270859-66D3-4E2A-A3EA-0462C8EB5DEE}.Release|Any CPU.Build.0 = Release|Any CPU
		{6DA4B9ED-9462-4CC4-B515-93C91DA4591B}.Debug|Any CPU.ActiveCfg = Debug|Any CPU
		{6DA4B9ED-9462-4CC4-B515-93C91DA4591B}.Debug|Any CPU.Build.0 = Debug|Any CPU
		{6DA4B9ED-9462-4CC4-B515-93C91DA4591B}.Release|Any CPU.ActiveCfg = Release|Any CPU
		{6DA4B9ED-9462-4CC4-B515-93C91DA4591B}.Release|Any CPU.Build.0 = Release|Any CPU
		{5F092AE5-9A37-4B0B-9658-4403E03027FA}.Debug|Any CPU.ActiveCfg = Debug|Any CPU
		{5F092AE5-9A37-4B0B-9658-4403E03027FA}.Debug|Any CPU.Build.0 = Debug|Any CPU
		{5F092AE5-9A37-4B0B-9658-4403E03027FA}.Release|Any CPU.ActiveCfg = Release|Any CPU
		{5F092AE5-9A37-4B0B-9658-4403E03027FA}.Release|Any CPU.Build.0 = Release|Any CPU
	EndGlobalSection
	GlobalSection(NestedProjects) = preSolution
		{BF59BB27-8C62-4077-9F55-662C41BCAE3D} = {41C15F24-047B-406E-B7C4-FDE253040FB6}
		{A303BA11-D18A-4640-9032-4E5B4A86B629} = {41C15F24-047B-406E-B7C4-FDE253040FB6}
		{36427E7E-D7A0-441A-A035-488A4E1A6FA8} = {41C15F24-047B-406E-B7C4-FDE253040FB6}
		{CC270859-66D3-4E2A-A3EA-0462C8EB5DEE} = {41C15F24-047B-406E-B7C4-FDE253040FB6}
		{6DA4B9ED-9462-4CC4-B515-93C91DA4591B} = {CD542596-15BF-4BC6-B217-093B202389CF}
		{5F092AE5-9A37-4B0B-9658-4403E03027FA} = {CD542596-15BF-4BC6-B217-093B202389CF}
	EndGlobalSection
EndGlobal
